
Microsoft Visual Studio Solution File, Format Version 12.00
# Visual Studio 14
VisualStudioVersion = 14.0.25420.1
MinimumVisualStudioVersion = 10.0.40219.1
Project("{FAE04EC0-301F-11D3-BF4B-00C04F79EFBC}") = "WindowsFormsWctToDb", "WindowsFormsWctToDb\WindowsFormsWctToDb.csproj", "{D05256F0-62C7-4879-98B6-7AC2E865B88A}"
	ProjectSection(ProjectDependencies) = postProject
		{809EEF31-37EE-49CD-9B44-0A39329F6FA2} = {809EEF31-37EE-49CD-9B44-0A39329F6FA2}
	EndProjectSection
EndProject
Project("{FAE04EC0-301F-11D3-BF4B-00C04F79EFBC}") = "WcfToDb", "WcfToDb\WcfToDb.csproj", "{809EEF31-37EE-49CD-9B44-0A39329F6FA2}"
EndProject
Global
	GlobalSection(SolutionConfigurationPlatforms) = preSolution
		Debug|Any CPU = Debug|Any CPU
		Release|Any CPU = Release|Any CPU
	EndGlobalSection
	GlobalSection(ProjectConfigurationPlatforms) = postSolution
		{D05256F0-62C7-4879-98B6-7AC2E865B88A}.Debug|Any CPU.ActiveCfg = Debug|Any CPU
		{D05256F0-62C7-4879-98B6-7AC2E865B88A}.Debug|Any CPU.Build.0 = Debug|Any CPU
		{D05256F0-62C7-4879-98B6-7AC2E865B88A}.Release|Any CPU.ActiveCfg = Release|Any CPU
		{D05256F0-62C7-4879-98B6-7AC2E865B88A}.Release|Any CPU.Build.0 = Release|Any CPU
		{809EEF31-37EE-49CD-9B44-0A39329F6FA2}.Debug|Any CPU.ActiveCfg = Debug|Any CPU
		{809EEF31-37EE-49CD-9B44-0A39329F6FA2}.Debug|Any CPU.Build.0 = Debug|Any CPU
		{809EEF31-37EE-49CD-9B44-0A39329F6FA2}.Release|Any CPU.ActiveCfg = Release|Any CPU
		{809EEF31-37EE-49CD-9B44-0A39329F6FA2}.Release|Any CPU.Build.0 = Release|Any CPU
	EndGlobalSection
	GlobalSection(SolutionProperties) = preSolution
		HideSolutionNode = FALSE
	EndGlobalSection
EndGlobal
